
Microsoft Visual Studio Solution File, Format Version 12.00
# Visual Studio 14
VisualStudioVersion = 14.0.25420.1
MinimumVisualStudioVersion = 10.0.40219.1
Project("{FAE04EC0-301F-11D3-BF4B-00C04F79EFBC}") = "LibraryCalc", "LibraryCalc\LibraryCalc.csproj", "{E7858029-340B-4286-B943-66CCB40AB728}"
EndProject
Project("{FAE04EC0-301F-11D3-BF4B-00C04F79EFBC}") = "LibraryCalc.Test", "LibraryCalc.Test\LibraryCalc.Test.csproj", "{9FDD9E9E-B934-408C-9812-12C42B1F5E9B}"
EndProject
Global
	GlobalSection(SolutionConfigurationPlatforms) = preSolution
		Debug|Any CPU = Debug|Any CPU
		Release|Any CPU = Release|Any CPU
	EndGlobalSection
	GlobalSection(ProjectConfigurationPlatforms) = postSolution
		{E7858029-340B-4286-B943-66CCB40AB728}.Debug|Any CPU.ActiveCfg = Debug|Any CPU
		{E7858029-340B-4286-B943-66CCB40AB728}.Debug|Any CPU.Build.0 = Debug|Any CPU
		{E7858029-340B-4286-B943-66CCB40AB728}.Release|Any CPU.ActiveCfg = Release|Any CPU
		{E7858029-340B-4286-B943-66CCB40AB728}.Release|Any CPU.Build.0 = Release|Any CPU
		{9FDD9E9E-B934-408C-9812-12C42B1F5E9B}.Debug|Any CPU.ActiveCfg = Debug|Any CPU
		{9FDD9E9E-B934-408C-9812-12C42B1F5E9B}.Debug|Any CPU.Build.0 = Debug|Any CPU
		{9FDD9E9E-B934-408C-9812-12C42B1F5E9B}.Release|Any CPU.ActiveCfg = Release|Any CPU
		{9FDD9E9E-B934-408C-9812-12C42B1F5E9B}.Release|Any CPU.Build.0 = Release|Any CPU
	EndGlobalSection
	GlobalSection(SolutionProperties) = preSolution
		HideSolutionNode = FALSE
	EndGlobalSection
EndGlobal
